
Microsoft Visual Studio Solution File, Format Version 12.00
# Visual Studio Version 17
VisualStudioVersion = 17.7.34024.191
MinimumVisualStudioVersion = 10.0.40219.1
Project("{8BC9CEB8-8B4A-11D0-8D11-00A0C91BC942}") = "com.elgato.ffxivoceanfishing.sdPlugin", "com.elgato.ffxivoceanfishing.sdPlugin.vcxproj", "{F76362AC-339A-4F56-8C7B-D73A560670C4}"
EndProject
Project("{8BC9CEB8-8B4A-11D0-8D11-00A0C91BC942}") = "PluginTests", "PluginTests\PluginTests.vcxproj", "{B5462145-2172-4099-86C6-33DD0F83D78F}"
EndProject
Global
	GlobalSection(SolutionConfigurationPlatforms) = preSolution
		Debug|x64 = Debug|x64
		Debug|x86 = Debug|x86
		Release|x64 = Release|x64
		Release|x86 = Release|x86
	EndGlobalSection
	GlobalSection(ProjectConfigurationPlatforms) = postSolution
		{F76362AC-339A-4F56-8C7B-D73A560670C4}.Debug|x64.ActiveCfg = Debug|x64
		{F76362AC-339A-4F56-8C7B-D73A560670C4}.Debug|x64.Build.0 = Debug|x64
		{F76362AC-339A-4F56-8C7B-D73A560670C4}.Debug|x86.ActiveCfg = Debug|Win32
		{F76362AC-339A-4F56-8C7B-D73A560670C4}.Debug|x86.Build.0 = Debug|Win32
		{F76362AC-339A-4F56-8C7B-D73A560670C4}.Release|x64.ActiveCfg = Release|x64
		{F76362AC-339A-4F56-8C7B-D73A560670C4}.Release|x64.Build.0 = Release|x64
		{F76362AC-339A-4F56-8C7B-D73A560670C4}.Release|x86.ActiveCfg = Release|Win32
		{F76362AC-339A-4F56-8C7B-D73A560670C4}.Release|x86.Build.0 = Release|Win32
		{B5462145-2172-4099-86C6-33DD0F83D78F}.Debug|x64.ActiveCfg = Debug|x64
		{B5462145-2172-4099-86C6-33DD0F83D78F}.Debug|x64.Build.0 = Debug|x64
		{B5462145-2172-4099-86C6-33DD0F83D78F}.Debug|x86.ActiveCfg = Debug|Win32
		{B5462145-2172-4099-86C6-33DD0F83D78F}.Debug|x86.Build.0 = Debug|Win32
		{B5462145-2172-4099-86C6-33DD0F83D78F}.Release|x64.ActiveCfg = Release|x64
		{B5462145-2172-4099-86C6-33DD0F83D78F}.Release|x64.Build.0 = Release|x64
		{B5462145-2172-4099-86C6-33DD0F83D78F}.Release|x86.ActiveCfg = Release|Win32
		{B5462145-2172-4099-86C6-33DD0F83D78F}.Release|x86.Build.0 = Release|Win32
	EndGlobalSection
	GlobalSection(SolutionProperties) = preSolution
		HideSolutionNode = FALSE
	EndGlobalSection
	GlobalSection(ExtensibilityGlobals) = postSolution
		SolutionGuid = {ED533B5A-1BA6-4970-B822-B10B73697A3C}
	EndGlobalSection
EndGlobal
